
Microsoft Visual Studio Solution File, Format Version 12.00
# Visual Studio Version 17
VisualStudioVersion = 17.5.33502.453
MinimumVisualStudioVersion = 10.0.40219.1
Project("{2150E333-8FDC-42A3-9474-1A3956D46DE8}") = "src", "src", "{CDD58919-FB4D-4B18-88F5-9E82593D5D77}"
EndProject
Project("{2150E333-8FDC-42A3-9474-1A3956D46DE8}") = "tests", "tests", "{7E733A02-87F2-42B5-A7A7-97E9AAC55643}"
EndProject
Project("{9A19103F-16F7-4668-BE54-9A1E7A4F7556}") = "CatalogServiceNetAdvanced.WebAPI", "CatalogServiceNetAdvanced.WebAPI\CatalogServiceNetAdvanced.WebAPI.csproj", "{364E17CA-EFE8-4BBC-9005-A6E2A94F21D3}"
EndProject
Project("{9A19103F-16F7-4668-BE54-9A1E7A4F7556}") = "CatalogServiceNetAdvanced.Infrastructure", "CatalogServiceNetAdvanced.Infrastructure\CatalogServiceNetAdvanced.Infrastructure.csproj", "{862AE363-841A-4147-8D34-435725170F6F}"
EndProject
Project("{9A19103F-16F7-4668-BE54-9A1E7A4F7556}") = "CatalogServiceNetAdvanced.Application", "CatalogServiceNetAdvanced.Application\CatalogServiceNetAdvanced.Application.csproj", "{516468C7-8FD0-4E14-8A14-25E8ECBFAB34}"
EndProject
Project("{9A19103F-16F7-4668-BE54-9A1E7A4F7556}") = "CatalogServiceNetAdvanced.Domain", "CatalogServiceNetAdvanced.Domain\CatalogServiceNetAdvanced.Domain.csproj", "{76EB23C7-187F-4BA7-8D20-19AFFE9BEB36}"
EndProject
Project("{FAE04EC0-301F-11D3-BF4B-00C04F79EFBC}") = "CatalogServiceNetAdvanced.Application.IntegrationTests", "tests\CatalogServiceNetAdvanced.Application.IntegrationTests\CatalogServiceNetAdvanced.Application.IntegrationTests.csproj", "{F390E83B-75DF-4D13-A8FE-738C4D3D853C}"
EndProject
Global
	GlobalSection(SolutionConfigurationPlatforms) = preSolution
		Debug|Any CPU = Debug|Any CPU
		Release|Any CPU = Release|Any CPU
	EndGlobalSection
	GlobalSection(ProjectConfigurationPlatforms) = postSolution
		{364E17CA-EFE8-4BBC-9005-A6E2A94F21D3}.Debug|Any CPU.ActiveCfg = Debug|Any CPU
		{364E17CA-EFE8-4BBC-9005-A6E2A94F21D3}.Debug|Any CPU.Build.0 = Debug|Any CPU
		{364E17CA-EFE8-4BBC-9005-A6E2A94F21D3}.Release|Any CPU.ActiveCfg = Release|Any CPU
		{364E17CA-EFE8-4BBC-9005-A6E2A94F21D3}.Release|Any CPU.Build.0 = Release|Any CPU
		{862AE363-841A-4147-8D34-435725170F6F}.Debug|Any CPU.ActiveCfg = Debug|Any CPU
		{862AE363-841A-4147-8D34-435725170F6F}.Debug|Any CPU.Build.0 = Debug|Any CPU
		{862AE363-841A-4147-8D34-435725170F6F}.Release|Any CPU.ActiveCfg = Release|Any CPU
		{862AE363-841A-4147-8D34-435725170F6F}.Release|Any CPU.Build.0 = Release|Any CPU
		{516468C7-8FD0-4E14-8A14-25E8ECBFAB34}.Debug|Any CPU.ActiveCfg = Debug|Any CPU
		{516468C7-8FD0-4E14-8A14-25E8ECBFAB34}.Debug|Any CPU.Build.0 = Debug|Any CPU
		{516468C7-8FD0-4E14-8A14-25E8ECBFAB34}.Release|Any CPU.ActiveCfg = Release|Any CPU
		{516468C7-8FD0-4E14-8A14-25E8ECBFAB34}.Release|Any CPU.Build.0 = Release|Any CPU
		{76EB23C7-187F-4BA7-8D20-19AFFE9BEB36}.Debug|Any CPU.ActiveCfg = Debug|Any CPU
		{76EB23C7-187F-4BA7-8D20-19AFFE9BEB36}.Debug|Any CPU.Build.0 = Debug|Any CPU
		{76EB23C7-187F-4BA7-8D20-19AFFE9BEB36}.Release|Any CPU.ActiveCfg = Release|Any CPU
		{76EB23C7-187F-4BA7-8D20-19AFFE9BEB36}.Release|Any CPU.Build.0 = Release|Any CPU
		{F390E83B-75DF-4D13-A8FE-738C4D3D853C}.Debug|Any CPU.ActiveCfg = Debug|Any CPU
		{F390E83B-75DF-4D13-A8FE-738C4D3D853C}.Debug|Any CPU.Build.0 = Debug|Any CPU
		{F390E83B-75DF-4D13-A8FE-738C4D3D853C}.Release|Any CPU.ActiveCfg = Release|Any CPU
		{F390E83B-75DF-4D13-A8FE-738C4D3D853C}.Release|Any CPU.Build.0 = Release|Any CPU
	EndGlobalSection
	GlobalSection(SolutionProperties) = preSolution
		HideSolutionNode = FALSE
	EndGlobalSection
	GlobalSection(NestedProjects) = preSolution
		{364E17CA-EFE8-4BBC-9005-A6E2A94F21D3} = {CDD58919-FB4D-4B18-88F5-9E82593D5D77}
		{862AE363-841A-4147-8D34-435725170F6F} = {CDD58919-FB4D-4B18-88F5-9E82593D5D77}
		{516468C7-8FD0-4E14-8A14-25E8ECBFAB34} = {CDD58919-FB4D-4B18-88F5-9E82593D5D77}
		{76EB23C7-187F-4BA7-8D20-19AFFE9BEB36} = {CDD58919-FB4D-4B18-88F5-9E82593D5D77}
		{F390E83B-75DF-4D13-A8FE-738C4D3D853C} = {7E733A02-87F2-42B5-A7A7-97E9AAC55643}
	EndGlobalSection
	GlobalSection(ExtensibilityGlobals) = postSolution
		SolutionGuid = {42EA03A4-6578-4141-ACE8-D715F70CC83C}
	EndGlobalSection
EndGlobal
